
Microsoft Visual Studio Solution File, Format Version 12.00
# Visual Studio Version 16
VisualStudioVersion = 16.0.30413.136
MinimumVisualStudioVersion = 10.0.40219.1
Project("{FAE04EC0-301F-11D3-BF4B-00C04F79EFBC}") = "GraphCS131", "GraphCS131\GraphCS131.csproj", "{72C3ED76-D532-41C5-AC0E-E40A417EFDA1}"
EndProject
Global
	GlobalSection(SolutionConfigurationPlatforms) = preSolution
		Debug|Any CPU = Debug|Any CPU
		Release|Any CPU = Release|Any CPU
	EndGlobalSection
	GlobalSection(ProjectConfigurationPlatforms) = postSolution
		{72C3ED76-D532-41C5-AC0E-E40A417EFDA1}.Debug|Any CPU.ActiveCfg = Debug|Any CPU
		{72C3ED76-D532-41C5-AC0E-E40A417EFDA1}.Debug|Any CPU.Build.0 = Debug|Any CPU
		{72C3ED76-D532-41C5-AC0E-E40A417EFDA1}.Release|Any CPU.ActiveCfg = Release|Any CPU
		{72C3ED76-D532-41C5-AC0E-E40A417EFDA1}.Release|Any CPU.Build.0 = Release|Any CPU
	EndGlobalSection
	GlobalSection(SolutionProperties) = preSolution
		HideSolutionNode = FALSE
	EndGlobalSection
	GlobalSection(ExtensibilityGlobals) = postSolution
		SolutionGuid = {DC65D077-CF78-4B83-8DB6-52B9742AA075}
	EndGlobalSection
EndGlobal
